{
  "object": {
    "pins": [
      {
        "package": "EFQRCode",
        "repositoryURL": "https://github.com/EFPrefix/EFQRCode.git",
        "state": {
          "branch": null,
          "revision": "56278ea800d7fdc20f42cd77bdbf0fecc8c1c0c8",
          "version": "6.2.0"
        }
      },
      {
        "package": "swift_qrcodejs",
        "repositoryURL": "https://github.com/ApolloZhu/swift_qrcodejs.git",
        "state": {
          "branch": null,
          "revision": "374dc7f7b9e76c6aeb393f6a84590c6d387e1ecb",
          "version": "2.2.2"
        }
      }
    ]
  },
  "version": 1
}
