{
  "originHash" : "d18652d7da17da59fe84b862adc802a2deee26ec410cc393f03e3bf815899fe4",
  "pins" : [
    {
      "identity" : "bwwalkthrough",
      "kind" : "remoteSourceControl",
      "location" : "https://github.com/ariok/BWWalkthrough",
      "state" : {
        "revision" : "0029df9e68485f1ace5857fc8b34c504c1aece0e",
        "version" : "4.0.2"
      }
    },
    {
      "identity" : "iqkeyboardmanager",
      "kind" : "remoteSourceControl",
      "location" : "https://github.com/hackiftekhar/IQKeyboardManager.git",
      "state" : {
        "revision" : "4dc6bc7d1c9747bd0c261c8c055903f9fdef91f7",
        "version" : "6.5.6"
      }
    },
    {
      "identity" : "skyfloatinglabeltextfield",
      "kind" : "remoteSourceControl",
      "location" : "https://github.com/Skyscanner/SkyFloatingLabelTextField",
      "state" : {
        "revision" : "a0750ebbc7311f3b3debf99c5e59338e854afa59",
        "version" : "4.0.0"
      }
    },
    {
      "identity" : "snapkit",
      "kind" : "remoteSourceControl",
      "location" : "https://github.com/SnapKit/SnapKit.git",
      "state" : {
        "revision" : "d458564516e5676af9c70b4f4b2a9178294f1bc6",
        "version" : "5.0.1"
      }
    }
  ],
  "version" : 3
}
